
Microsoft Visual Studio Solution File, Format Version 12.00
# Visual Studio Version 16
VisualStudioVersion = 16.0.28922.388
MinimumVisualStudioVersion = 10.0.40219.1
Project("{FAE04EC0-301F-11D3-BF4B-00C04F79EFBC}") = "MovieBlend", "MovieBlend\MovieBlend.csproj", "{CEBDC435-165C-4C8B-9496-1C265D4AC750}"
EndProject
Global
	GlobalSection(SolutionConfigurationPlatforms) = preSolution
		Debug|Any CPU = Debug|Any CPU
		Release|Any CPU = Release|Any CPU
	EndGlobalSection
	GlobalSection(ProjectConfigurationPlatforms) = postSolution
		{CEBDC435-165C-4C8B-9496-1C265D4AC750}.Debug|Any CPU.ActiveCfg = Debug|Any CPU
		{CEBDC435-165C-4C8B-9496-1C265D4AC750}.Debug|Any CPU.Build.0 = Debug|Any CPU
		{CEBDC435-165C-4C8B-9496-1C265D4AC750}.Release|Any CPU.ActiveCfg = Release|Any CPU
		{CEBDC435-165C-4C8B-9496-1C265D4AC750}.Release|Any CPU.Build.0 = Release|Any CPU
	EndGlobalSection
	GlobalSection(SolutionProperties) = preSolution
		HideSolutionNode = FALSE
	EndGlobalSection
	GlobalSection(ExtensibilityGlobals) = postSolution
		SolutionGuid = {411028D8-9A80-4FE6-B8F8-57A10B19E94A}
	EndGlobalSection
EndGlobal
